# @generated by Move, please check-in and do not edit manually.

[move]
version = 3
manifest_digest = "3D92CAAD0FF56CB75461BCAA3702E847060F98C3DA7E5025278F8388F267693E"
deps_digest = "3C4103934B1E040BB6B23F1D610B4EF9F2F1166A50A104EADCF77467C004C600"
dependencies = [
  { id = "Sui", name = "Sui" },
  { id = "usdc", name = "usdc" },
]

[[move.package]]
id = "MoveStdlib"
source = { git = "https://github.com/MystenLabs/sui.git", rev = "framework/testnet", subdir = "crates/sui-framework/packages/move-stdlib" }

[[move.package]]
id = "Sui"
source = { git = "https://github.com/MystenLabs/sui.git", rev = "framework/testnet", subdir = "crates/sui-framework/packages/sui-framework" }

dependencies = [
  { id = "MoveStdlib", name = "MoveStdlib" },
]

[[move.package]]
id = "stablecoin"
source = { git = "https://github.com/circlefin/stablecoin-sui.git", rev = "master", subdir = "packages/stablecoin" }

dependencies = [
  { id = "Sui", name = "Sui" },
  { id = "sui_extensions", name = "sui_extensions" },
]

[[move.package]]
id = "sui_extensions"
source = { git = "https://github.com/circlefin/stablecoin-sui.git", rev = "master", subdir = "packages/sui_extensions" }

dependencies = [
  { id = "Sui", name = "Sui" },
]

[[move.package]]
id = "usdc"
source = { git = "https://github.com/circlefin/stablecoin-sui.git", rev = "master", subdir = "packages/usdc" }

dependencies = [
  { id = "Sui", name = "Sui" },
  { id = "stablecoin", name = "stablecoin" },
  { id = "sui_extensions", name = "sui_extensions" },
]

[move.toolchain-version]
compiler-version = "1.41.1"
edition = "2024.beta"
flavor = "sui"

[env]

[env.devnet]
chain-id = "3f2108a2"
original-published-id = "0x32909f9ef1a0e51b82e4141fcc24a79a78e9fa08a58ee9b507ccf63fb2dcd17b"
latest-published-id = "0x32909f9ef1a0e51b82e4141fcc24a79a78e9fa08a58ee9b507ccf63fb2dcd17b"
published-version = "1"

[env.testnet]
chain-id = "4c78adac"
original-published-id = "0x927d501120390c1ba33978d0c5ffe4b53a4125790023b1ec7f22de666f013004"
latest-published-id = "0x927d501120390c1ba33978d0c5ffe4b53a4125790023b1ec7f22de666f013004"
published-version = "1"
